// !$*UTF8*$!
{
	archiveVersion = 1;
	classes = {
	};
	objectVersion = 46;
	objects = {

/* Begin PBXBuildFile section */
		B8885E8D1D56389B00570845 /* main.m in Sources */ = {isa = PBXBuildFile; fileRef = B8885E8C1D56389B00570845 /* main.m */; };
		B8885E901D56389B00570845 /* AppDelegate.m in Sources */ = {isa = PBXBuildFile; fileRef = B8885E8F1D56389B00570845 /* AppDelegate.m */; };
		B8885E931D56389B00570845 /* ViewController.m in Sources */ = {isa = PBXBuildFile; fileRef = B8885E921D56389B00570845 /* ViewController.m */; };
		B8885E961D56389B00570845 /* Main.storyboard in Resources */ = {isa = PBXBuildFile; fileRef = B8885E941D56389B00570845 /* Main.storyboard */; };
		B8885E981D56389B00570845 /* Assets.xcassets in Resources */ = {isa = PBXBuildFile; fileRef = B8885E971D56389B00570845 /* Assets.xcassets */; };
		B8885E9B1D56389B00570845 /* LaunchScreen.storyboard in Resources */ = {isa = PBXBuildFile; fileRef = B8885E991D56389B00570845 /* LaunchScreen.storyboard */; };
		B8885EA61D56389B00570845 /* _5_________Tests.m in Sources */ = {isa = PBXBuildFile; fileRef = B8885EA51D56389B00570845 /* _5_________Tests.m */; };
		B8885EB11D56389B00570845 /* _5_________UITests.m in Sources */ = {isa = PBXBuildFile; fileRef = B8885EB01D56389B00570845 /* _5_________UITests.m */; };
		B8885EBF1D563C9E00570845 /* apps.plist in Resources */ = {isa = PBXBuildFile; fileRef = B8885EBE1D563C9E00570845 /* apps.plist */; };
		B8885EC51D563D2700570845 /* YHPApp.m in Sources */ = {isa = PBXBuildFile; fileRef = B8885EC41D563D2700570845 /* YHPApp.m */; };
/* End PBXBuildFile section */

/* Begin PBXContainerItemProxy section */
		B8885EA21D56389B00570845 /* PBXContainerItemProxy */ = {
			isa = PBXContainerItemProxy;
			containerPortal = B8885E801D56389B00570845 /* Project object */;
			proxyType = 1;
			remoteGlobalIDString = B8885E871D56389B00570845;
			remoteInfo = "15-多线程-下载图片";
		};
		B8885EAD1D56389B00570845 /* PBXContainerItemProxy */ = {
			isa = PBXContainerItemProxy;
			containerPortal = B8885E801D56389B00570845 /* Project object */;
			proxyType = 1;
			remoteGlobalIDString = B8885E871D56389B00570845;
			remoteInfo = "15-多线程-下载图片";
		};
/* End PBXContainerItemProxy section */

/* Begin PBXFileReference section */
		B8885E881D56389B00570845 /* 15-多线程-下载图片.app */ = {isa = PBXFileReference; explicitFileType = wrapper.application; includeInIndex = 0; path = "15-多线程-下载图片.app"; sourceTree = BUILT_PRODUCTS_DIR; };
		B8885E8C1D56389B00570845 /* main.m */ = {isa = PBXFileReference; lastKnownFileType = sourcecode.c.objc; path = main.m; sourceTree = "<group>"; };
		B8885E8E1D56389B00570845 /* AppDelegate.h */ = {isa = PBXFileReference; lastKnownFileType = sourcecode.c.h; path = AppDelegate.h; sourceTree = "<group>"; };
		B8885E8F1D56389B00570845 /* AppDelegate.m */ = {isa = PBXFileReference; lastKnownFileType = sourcecode.c.objc; path = AppDelegate.m; sourceTree = "<group>"; };
		B8885E911D56389B00570845 /* ViewController.h */ = {isa = PBXFileReference; lastKnownFileType = sourcecode.c.h; path = ViewController.h; sourceTree = "<group>"; };
		B8885E921D56389B00570845 /* ViewController.m */ = {isa = PBXFileReference; lastKnownFileType = sourcecode.c.objc; path = ViewController.m; sourceTree = "<group>"; };
		B8885E951D56389B00570845 /* Base */ = {isa = PBXFileReference; lastKnownFileType = file.storyboard; name = Base; path = Base.lproj/Main.storyboard; sourceTree = "<group>"; };
		B8885E971D56389B00570845 /* Assets.xcassets */ = {isa = PBXFileReference; lastKnownFileType = folder.assetcatalog; path = Assets.xcassets; sourceTree = "<group>"; };
		B8885E9A1D56389B00570845 /* Base */ = {isa = PBXFileReference; lastKnownFileType = file.storyboard; name = Base; path = Base.lproj/LaunchScreen.storyboard; sourceTree = "<group>"; };
		B8885E9C1D56389B00570845 /* Info.plist */ = {isa = PBXFileReference; lastKnownFileType = text.plist.xml; path = Info.plist; sourceTree = "<group>"; };
		B8885EA11D56389B00570845 /* 15-多线程-下载图片Tests.xctest */ = {isa = PBXFileReference; explicitFileType = wrapper.cfbundle; includeInIndex = 0; path = "15-多线程-下载图片Tests.xctest"; sourceTree = BUILT_PRODUCTS_DIR; };
		B8885EA51D56389B00570845 /* _5_________Tests.m */ = {isa = PBXFileReference; lastKnownFileType = sourcecode.c.objc; path = "_5_________Tests.m"; sourceTree = "<group>"; };
		B8885EA71D56389B00570845 /* Info.plist */ = {isa = PBXFileReference; lastKnownFileType = text.plist.xml; path = Info.plist; sourceTree = "<group>"; };
		B8885EAC1D56389B00570845 /* 15-多线程-下载图片UITests.xctest */ = {isa = PBXFileReference; explicitFileType = wrapper.cfbundle; includeInIndex = 0; path = "15-多线程-下载图片UITests.xctest"; sourceTree = BUILT_PRODUCTS_DIR; };
		B8885EB01D56389B00570845 /* _5_________UITests.m */ = {isa = PBXFileReference; lastKnownFileType = sourcecode.c.objc; path = "_5_________UITests.m"; sourceTree = "<group>"; };
		B8885EB21D56389B00570845 /* Info.plist */ = {isa = PBXFileReference; lastKnownFileType = text.plist.xml; path = Info.plist; sourceTree = "<group>"; };
		B8885EBE1D563C9E00570845 /* apps.plist */ = {isa = PBXFileReference; fileEncoding = 4; lastKnownFileType = text.plist.xml; path = apps.plist; sourceTree = "<group>"; };
		B8885EC31D563D2700570845 /* YHPApp.h */ = {isa = PBXFileReference; fileEncoding = 4; lastKnownFileType = sourcecode.c.h; path = YHPApp.h; sourceTree = "<group>"; };
		B8885EC41D563D2700570845 /* YHPApp.m */ = {isa = PBXFileReference; fileEncoding = 4; lastKnownFileType = sourcecode.c.objc; path = YHPApp.m; sourceTree = "<group>"; };
/* End PBXFileReference section */

/* Begin PBXFrameworksBuildPhase section */
		B8885E851D56389B00570845 /* Frameworks */ = {
			isa = PBXFrameworksBuildPhase;
			buildActionMask = 2147483647;
			files = (
			);
			runOnlyForDeploymentPostprocessing = 0;
		};
		B8885E9E1D56389B00570845 /* Frameworks */ = {
			isa = PBXFrameworksBuildPhase;
			buildActionMask = 2147483647;
			files = (
			);
			runOnlyForDeploymentPostprocessing = 0;
		};
		B8885EA91D56389B00570845 /* Frameworks */ = {
			isa = PBXFrameworksBuildPhase;
			buildActionMask = 2147483647;
			files = (
			);
			runOnlyForDeploymentPostprocessing = 0;
		};
/* End PBXFrameworksBuildPhase section */

/* Begin PBXGroup section */
		B8885E7F1D56389B00570845 = {
			isa = PBXGroup;
			children = (
				B8885E8A1D56389B00570845 /* 15-多线程-下载图片 */,
				B8885EA41D56389B00570845 /* 15-多线程-下载图片Tests */,
				B8885EAF1D56389B00570845 /* 15-多线程-下载图片UITests */,
				B8885E891D56389B00570845 /* Products */,
			);
			sourceTree = "<group>";
		};
		B8885E891D56389B00570845 /* Products */ = {
			isa = PBXGroup;
			children = (
				B8885E881D56389B00570845 /* 15-多线程-下载图片.app */,
				B8885EA11D56389B00570845 /* 15-多线程-下载图片Tests.xctest */,
				B8885EAC1D56389B00570845 /* 15-多线程-下载图片UITests.xctest */,
			);
			name = Products;
			sourceTree = "<group>";
		};
		B8885E8A1D56389B00570845 /* 15-多线程-下载图片 */ = {
			isa = PBXGroup;
			children = (
				B8885E8E1D56389B00570845 /* AppDelegate.h */,
				B8885E8F1D56389B00570845 /* AppDelegate.m */,
				B8885E911D56389B00570845 /* ViewController.h */,
				B8885E921D56389B00570845 /* ViewController.m */,
				B8885EC31D563D2700570845 /* YHPApp.h */,
				B8885EC41D563D2700570845 /* YHPApp.m */,
				B8885E941D56389B00570845 /* Main.storyboard */,
				B8885E8B1D56389B00570845 /* Supporting Files */,
			);
			path = "15-多线程-下载图片";
			sourceTree = "<group>";
		};
		B8885E8B1D56389B00570845 /* Supporting Files */ = {
			isa = PBXGroup;
			children = (
				B8885E971D56389B00570845 /* Assets.xcassets */,
				B8885E991D56389B00570845 /* LaunchScreen.storyboard */,
				B8885EBE1D563C9E00570845 /* apps.plist */,
				B8885E9C1D56389B00570845 /* Info.plist */,
				B8885E8C1D56389B00570845 /* main.m */,
			);
			name = "Supporting Files";
			sourceTree = "<group>";
		};
		B8885EA41D56389B00570845 /* 15-多线程-下载图片Tests */ = {
			isa = PBXGroup;
			children = (
				B8885EA51D56389B00570845 /* _5_________Tests.m */,
				B8885EA71D56389B00570845 /* Info.plist */,
			);
			path = "15-多线程-下载图片Tests";
			sourceTree = "<group>";
		};
		B8885EAF1D56389B00570845 /* 15-多线程-下载图片UITests */ = {
			isa = PBXGroup;
			children = (
				B8885EB01D56389B00570845 /* _5_________UITests.m */,
				B8885EB21D56389B00570845 /* Info.plist */,
			);
			path = "15-多线程-下载图片UITests";
			sourceTree = "<group>";
		};
/* End PBXGroup section */

/* Begin PBXNativeTarget section */
		B8885E871D56389B00570845 /* 15-多线程-下载图片 */ = {
			isa = PBXNativeTarget;
			buildConfigurationList = B8885EB51D56389B00570845 /* Build configuration list for PBXNativeTarget "15-多线程-下载图片" */;
			buildPhases = (
				B8885E841D56389B00570845 /* Sources */,
				B8885E851D56389B00570845 /* Frameworks */,
				B8885E861D56389B00570845 /* Resources */,
			);
			buildRules = (
			);
			dependencies = (
			);
			name = "15-多线程-下载图片";
			productName = "15-多线程-下载图片";
			productReference = B8885E881D56389B00570845 /* 15-多线程-下载图片.app */;
			productType = "com.apple.product-type.application";
		};
		B8885EA01D56389B00570845 /* 15-多线程-下载图片Tests */ = {
			isa = PBXNativeTarget;
			buildConfigurationList = B8885EB81D56389B00570845 /* Build configuration list for PBXNativeTarget "15-多线程-下载图片Tests" */;
			buildPhases = (
				B8885E9D1D56389B00570845 /* Sources */,
				B8885E9E1D56389B00570845 /* Frameworks */,
				B8885E9F1D56389B00570845 /* Resources */,
			);
			buildRules = (
			);
			dependencies = (
				B8885EA31D56389B00570845 /* PBXTargetDependency */,
			);
			name = "15-多线程-下载图片Tests";
			productName = "15-多线程-下载图片Tests";
			productReference = B8885EA11D56389B00570845 /* 15-多线程-下载图片Tests.xctest */;
			productType = "com.apple.product-type.bundle.unit-test";
		};
		B8885EAB1D56389B00570845 /* 15-多线程-下载图片UITests */ = {
			isa = PBXNativeTarget;
			buildConfigurationList = B8885EBB1D56389B00570845 /* Build configuration list for PBXNativeTarget "15-多线程-下载图片UITests" */;
			buildPhases = (
				B8885EA81D56389B00570845 /* Sources */,
				B8885EA91D56389B00570845 /* Frameworks */,
				B8885EAA1D56389B00570845 /* Resources */,
			);
			buildRules = (
			);
			dependencies = (
				B8885EAE1D56389B00570845 /* PBXTargetDependency */,
			);
			name = "15-多线程-下载图片UITests";
			productName = "15-多线程-下载图片UITests";
			productReference = B8885EAC1D56389B00570845 /* 15-多线程-下载图片UITests.xctest */;
			productType = "com.apple.product-type.bundle.ui-testing";
		};
/* End PBXNativeTarget section */

/* Begin PBXProject section */
		B8885E801D56389B00570845 /* Project object */ = {
			isa = PBXProject;
			attributes = {
				CLASSPREFIX = YHP;
				LastUpgradeCheck = 0730;
				ORGANIZATIONNAME = YouHuaPei;
				TargetAttributes = {
					B8885E871D56389B00570845 = {
						CreatedOnToolsVersion = 7.3.1;
						DevelopmentTeam = U9A585N65C;
					};
					B8885EA01D56389B00570845 = {
						CreatedOnToolsVersion = 7.3.1;
						DevelopmentTeam = U9A585N65C;
						TestTargetID = B8885E871D56389B00570845;
					};
					B8885EAB1D56389B00570845 = {
						CreatedOnToolsVersion = 7.3.1;
						DevelopmentTeam = U9A585N65C;
						TestTargetID = B8885E871D56389B00570845;
					};
				};
			};
			buildConfigurationList = B8885E831D56389B00570845 /* Build configuration list for PBXProject "15-多线程-下载图片" */;
			compatibilityVersion = "Xcode 3.2";
			developmentRegion = English;
			hasScannedForEncodings = 0;
			knownRegions = (
				en,
				Base,
			);
			mainGroup = B8885E7F1D56389B00570845;
			productRefGroup = B8885E891D56389B00570845 /* Products */;
			projectDirPath = "";
			projectRoot = "";
			targets = (
				B8885E871D56389B00570845 /* 15-多线程-下载图片 */,
				B8885EA01D56389B00570845 /* 15-多线程-下载图片Tests */,
				B8885EAB1D56389B00570845 /* 15-多线程-下载图片UITests */,
			);
		};
/* End PBXProject section */

/* Begin PBXResourcesBuildPhase section */
		B8885E861D56389B00570845 /* Resources */ = {
			isa = PBXResourcesBuildPhase;
			buildActionMask = 2147483647;
			files = (
				B8885EBF1D563C9E00570845 /* apps.plist in Resources */,
				B8885E9B1D56389B00570845 /* LaunchScreen.storyboard in Resources */,
				B8885E981D56389B00570845 /* Assets.xcassets in Resources */,
				B8885E961D56389B00570845 /* Main.storyboard in Resources */,
			);
			runOnlyForDeploymentPostprocessing = 0;
		};
		B8885E9F1D56389B00570845 /* Resources */ = {
			isa = PBXResourcesBuildPhase;
			buildActionMask = 2147483647;
			files = (
			);
			runOnlyForDeploymentPostprocessing = 0;
		};
		B8885EAA1D56389B00570845 /* Resources */ = {
			isa = PBXResourcesBuildPhase;
			buildActionMask = 2147483647;
			files = (
			);
			runOnlyForDeploymentPostprocessing = 0;
		};
/* End PBXResourcesBuildPhase section */

/* Begin PBXSourcesBuildPhase section */
		B8885E841D56389B00570845 /* Sources */ = {
			isa = PBXSourcesBuildPhase;
			buildActionMask = 2147483647;
			files = (
				B8885E931D56389B00570845 /* ViewController.m in Sources */,
				B8885EC51D563D2700570845 /* YHPApp.m in Sources */,
				B8885E901D56389B00570845 /* AppDelegate.m in Sources */,
				B8885E8D1D56389B00570845 /* main.m in Sources */,
			);
			runOnlyForDeploymentPostprocessing = 0;
		};
		B8885E9D1D56389B00570845 /* Sources */ = {
			isa = PBXSourcesBuildPhase;
			buildActionMask = 2147483647;
			files = (
				B8885EA61D56389B00570845 /* _5_________Tests.m in Sources */,
			);
			runOnlyForDeploymentPostprocessing = 0;
		};
		B8885EA81D56389B00570845 /* Sources */ = {
			isa = PBXSourcesBuildPhase;
			buildActionMask = 2147483647;
			files = (
				B8885EB11D56389B00570845 /* _5_________UITests.m in Sources */,
			);
			runOnlyForDeploymentPostprocessing = 0;
		};
/* End PBXSourcesBuildPhase section */

/* Begin PBXTargetDependency section */
		B8885EA31D56389B00570845 /* PBXTargetDependency */ = {
			isa = PBXTargetDependency;
			target = B8885E871D56389B00570845 /* 15-多线程-下载图片 */;
			targetProxy = B8885EA21D56389B00570845 /* PBXContainerItemProxy */;
		};
		B8885EAE1D56389B00570845 /* PBXTargetDependency */ = {
			isa = PBXTargetDependency;
			target = B8885E871D56389B00570845 /* 15-多线程-下载图片 */;
			targetProxy = B8885EAD1D56389B00570845 /* PBXContainerItemProxy */;
		};
/* End PBXTargetDependency section */

/* Begin PBXVariantGroup section */
		B8885E941D56389B00570845 /* Main.storyboard */ = {
			isa = PBXVariantGroup;
			children = (
				B8885E951D56389B00570845 /* Base */,
			);
			name = Main.storyboard;
			sourceTree = "<group>";
		};
		B8885E991D56389B00570845 /* LaunchScreen.storyboard */ = {
			isa = PBXVariantGroup;
			children = (
				B8885E9A1D56389B00570845 /* Base */,
			);
			name = LaunchScreen.storyboard;
			sourceTree = "<group>";
		};
/* End PBXVariantGroup section */

/* Begin XCBuildConfiguration section */
		B8885EB31D56389B00570845 /* Debug */ = {
			isa = XCBuildConfiguration;
			buildSettings = {
				ALWAYS_SEARCH_USER_PATHS = NO;
				CLANG_ANALYZER_NONNULL = YES;
				CLANG_CXX_LANGUAGE_STANDARD = "gnu++0x";
				CLANG_CXX_LIBRARY = "libc++";
				CLANG_ENABLE_MODULES = YES;
				CLANG_ENABLE_OBJC_ARC = YES;
				CLANG_WARN_BOOL_CONVERSION = YES;
				CLANG_WARN_CONSTANT_CONVERSION = YES;
				CLANG_WARN_DIRECT_OBJC_ISA_USAGE = YES_ERROR;
				CLANG_WARN_EMPTY_BODY = YES;
				CLANG_WARN_ENUM_CONVERSION = YES;
				CLANG_WARN_INT_CONVERSION = YES;
				CLANG_WARN_OBJC_ROOT_CLASS = YES_ERROR;
				CLANG_WARN_UNREACHABLE_CODE = YES;
				CLANG_WARN__DUPLICATE_METHOD_MATCH = YES;
				"CODE_SIGN_IDENTITY[sdk=iphoneos*]" = "iPhone Developer";
				COPY_PHASE_STRIP = NO;
				DEBUG_INFORMATION_FORMAT = dwarf;
				ENABLE_STRICT_OBJC_MSGSEND = YES;
				ENABLE_TESTABILITY = YES;
				GCC_C_LANGUAGE_STANDARD = gnu99;
				GCC_DYNAMIC_NO_PIC = NO;
				GCC_NO_COMMON_BLOCKS = YES;
				GCC_OPTIMIZATION_LEVEL = 0;
				GCC_PREPROCESSOR_DEFINITIONS = (
					"DEBUG=1",
					"$(inherited)",
				);
				GCC_WARN_64_TO_32_BIT_CONVERSION = YES;
				GCC_WARN_ABOUT_RETURN_TYPE = YES_ERROR;
				GCC_WARN_UNDECLARED_SELECTOR = YES;
				GCC_WARN_UNINITIALIZED_AUTOS = YES_AGGRESSIVE;
				GCC_WARN_UNUSED_FUNCTION = YES;
				GCC_WARN_UNUSED_VARIABLE = YES;
				IPHONEOS_DEPLOYMENT_TARGET = 9.3;
				MTL_ENABLE_DEBUG_INFO = YES;
				ONLY_ACTIVE_ARCH = YES;
				SDKROOT = iphoneos;
				TARGETED_DEVICE_FAMILY = "1,2";
			};
			name = Debug;
		};
		B8885EB41D56389B00570845 /* Release */ = {
			isa = XCBuildConfiguration;
			buildSettings = {
				ALWAYS_SEARCH_USER_PATHS = NO;
				CLANG_ANALYZER_NONNULL = YES;
				CLANG_CXX_LANGUAGE_STANDARD = "gnu++0x";
				CLANG_CXX_LIBRARY = "libc++";
				CLANG_ENABLE_MODULES = YES;
				CLANG_ENABLE_OBJC_ARC = YES;
				CLANG_WARN_BOOL_CONVERSION = YES;
				CLANG_WARN_CONSTANT_CONVERSION = YES;
				CLANG_WARN_DIRECT_OBJC_ISA_USAGE = YES_ERROR;
				CLANG_WARN_EMPTY_BODY = YES;
				CLANG_WARN_ENUM_CONVERSION = YES;
				CLANG_WARN_INT_CONVERSION = YES;
				CLANG_WARN_OBJC_ROOT_CLASS = YES_ERROR;
				CLANG_WARN_UNREACHABLE_CODE = YES;
				CLANG_WARN__DUPLICATE_METHOD_MATCH = YES;
				"CODE_SIGN_IDENTITY[sdk=iphoneos*]" = "iPhone Developer";
				COPY_PHASE_STRIP = NO;
				DEBUG_INFORMATION_FORMAT = "dwarf-with-dsym";
				ENABLE_NS_ASSERTIONS = NO;
				ENABLE_STRICT_OBJC_MSGSEND = YES;
				GCC_C_LANGUAGE_STANDARD = gnu99;
				GCC_NO_COMMON_BLOCKS = YES;
				GCC_WARN_64_TO_32_BIT_CONVERSION = YES;
				GCC_WARN_ABOUT_RETURN_TYPE = YES_ERROR;
				GCC_WARN_UNDECLARED_SELECTOR = YES;
				GCC_WARN_UNINITIALIZED_AUTOS = YES_AGGRESSIVE;
				GCC_WARN_UNUSED_FUNCTION = YES;
				GCC_WARN_UNUSED_VARIABLE = YES;
				IPHONEOS_DEPLOYMENT_TARGET = 9.3;
				MTL_ENABLE_DEBUG_INFO = NO;
				SDKROOT = iphoneos;
				TARGETED_DEVICE_FAMILY = "1,2";
				VALIDATE_PRODUCT = YES;
			};
			name = Release;
		};
		B8885EB61D56389B00570845 /* Debug */ = {
			isa = XCBuildConfiguration;
			buildSettings = {
				ASSETCATALOG_COMPILER_APPICON_NAME = AppIcon;
				INFOPLIST_FILE = "15-多线程-下载图片/Info.plist";
				LD_RUNPATH_SEARCH_PATHS = "$(inherited) @executable_path/Frameworks";
				PRODUCT_BUNDLE_IDENTIFIER = "mark.-5---------";
				PRODUCT_NAME = "$(TARGET_NAME)";
			};
			name = Debug;
		};
		B8885EB71D56389B00570845 /* Release */ = {
			isa = XCBuildConfiguration;
			buildSettings = {
				ASSETCATALOG_COMPILER_APPICON_NAME = AppIcon;
				INFOPLIST_FILE = "15-多线程-下载图片/Info.plist";
				LD_RUNPATH_SEARCH_PATHS = "$(inherited) @executable_path/Frameworks";
				PRODUCT_BUNDLE_IDENTIFIER = "mark.-5---------";
				PRODUCT_NAME = "$(TARGET_NAME)";
			};
			name = Release;
		};
		B8885EB91D56389B00570845 /* Debug */ = {
			isa = XCBuildConfiguration;
			buildSettings = {
				BUNDLE_LOADER = "$(TEST_HOST)";
				INFOPLIST_FILE = "15-多线程-下载图片Tests/Info.plist";
				LD_RUNPATH_SEARCH_PATHS = "$(inherited) @executable_path/Frameworks @loader_path/Frameworks";
				PRODUCT_BUNDLE_IDENTIFIER = "mark.-5---------Tests";
				PRODUCT_NAME = "$(TARGET_NAME)";
				TEST_HOST = "$(BUILT_PRODUCTS_DIR)/15-多线程-下载图片.app/15-多线程-下载图片";
			};
			name = Debug;
		};
		B8885EBA1D56389B00570845 /* Release */ = {
			isa = XCBuildConfiguration;
			buildSettings = {
				BUNDLE_LOADER = "$(TEST_HOST)";
				INFOPLIST_FILE = "15-多线程-下载图片Tests/Info.plist";
				LD_RUNPATH_SEARCH_PATHS = "$(inherited) @executable_path/Frameworks @loader_path/Frameworks";
				PRODUCT_BUNDLE_IDENTIFIER = "mark.-5---------Tests";
				PRODUCT_NAME = "$(TARGET_NAME)";
				TEST_HOST = "$(BUILT_PRODUCTS_DIR)/15-多线程-下载图片.app/15-多线程-下载图片";
			};
			name = Release;
		};
		B8885EBC1D56389B00570845 /* Debug */ = {
			isa = XCBuildConfiguration;
			buildSettings = {
				INFOPLIST_FILE = "15-多线程-下载图片UITests/Info.plist";
				LD_RUNPATH_SEARCH_PATHS = "$(inherited) @executable_path/Frameworks @loader_path/Frameworks";
				PRODUCT_BUNDLE_IDENTIFIER = "mark.-5---------UITests";
				PRODUCT_NAME = "$(TARGET_NAME)";
				TEST_TARGET_NAME = "15-多线程-下载图片";
			};
			name = Debug;
		};
		B8885EBD1D56389B00570845 /* Release */ = {
			isa = XCBuildConfiguration;
			buildSettings = {
				INFOPLIST_FILE = "15-多线程-下载图片UITests/Info.plist";
				LD_RUNPATH_SEARCH_PATHS = "$(inherited) @executable_path/Frameworks @loader_path/Frameworks";
				PRODUCT_BUNDLE_IDENTIFIER = "mark.-5---------UITests";
				PRODUCT_NAME = "$(TARGET_NAME)";
				TEST_TARGET_NAME = "15-多线程-下载图片";
			};
			name = Release;
		};
/* End XCBuildConfiguration section */

/* Begin XCConfigurationList section */
		B8885E831D56389B00570845 /* Build configuration list for PBXProject "15-多线程-下载图片" */ = {
			isa = XCConfigurationList;
			buildConfigurations = (
				B8885EB31D56389B00570845 /* Debug */,
				B8885EB41D56389B00570845 /* Release */,
			);
			defaultConfigurationIsVisible = 0;
			defaultConfigurationName = Release;
		};
		B8885EB51D56389B00570845 /* Build configuration list for PBXNativeTarget "15-多线程-下载图片" */ = {
			isa = XCConfigurationList;
			buildConfigurations = (
				B8885EB61D56389B00570845 /* Debug */,
				B8885EB71D56389B00570845 /* Release */,
			);
			defaultConfigurationIsVisible = 0;
		};
		B8885EB81D56389B00570845 /* Build configuration list for PBXNativeTarget "15-多线程-下载图片Tests" */ = {
			isa = XCConfigurationList;
			buildConfigurations = (
				B8885EB91D56389B00570845 /* Debug */,
				B8885EBA1D56389B00570845 /* Release */,
			);
			defaultConfigurationIsVisible = 0;
		};
		B8885EBB1D56389B00570845 /* Build configuration list for PBXNativeTarget "15-多线程-下载图片UITests" */ = {
			isa = XCConfigurationList;
			buildConfigurations = (
				B8885EBC1D56389B00570845 /* Debug */,
				B8885EBD1D56389B00570845 /* Release */,
			);
			defaultConfigurationIsVisible = 0;
		};
/* End XCConfigurationList section */
	};
	rootObject = B8885E801D56389B00570845 /* Project object */;
}
