// !$*UTF8*$!
{
	archiveVersion = 1;
	classes = {
	};
	objectVersion = 46;
	objects = {

/* Begin PBXBuildFile section */
		B8E80FCC1F15265300E0EF65 /* main.m in Sources */ = {isa = PBXBuildFile; fileRef = B8E80FCB1F15265300E0EF65 /* main.m */; };
		B8E80FCF1F15265300E0EF65 /* AppDelegate.m in Sources */ = {isa = PBXBuildFile; fileRef = B8E80FCE1F15265300E0EF65 /* AppDelegate.m */; };
		B8E80FD21F15265300E0EF65 /* ViewController.m in Sources */ = {isa = PBXBuildFile; fileRef = B8E80FD11F15265300E0EF65 /* ViewController.m */; };
		B8E80FD51F15265300E0EF65 /* Main.storyboard in Resources */ = {isa = PBXBuildFile; fileRef = B8E80FD31F15265300E0EF65 /* Main.storyboard */; };
		B8E80FD71F15265400E0EF65 /* Assets.xcassets in Resources */ = {isa = PBXBuildFile; fileRef = B8E80FD61F15265400E0EF65 /* Assets.xcassets */; };
		B8E80FDA1F15265400E0EF65 /* LaunchScreen.storyboard in Resources */ = {isa = PBXBuildFile; fileRef = B8E80FD81F15265400E0EF65 /* LaunchScreen.storyboard */; };
		B8E80FE51F15265400E0EF65 /* _0_UIDynamicTests.m in Sources */ = {isa = PBXBuildFile; fileRef = B8E80FE41F15265400E0EF65 /* _0_UIDynamicTests.m */; };
		B8E80FF01F15265400E0EF65 /* _0_UIDynamicUITests.m in Sources */ = {isa = PBXBuildFile; fileRef = B8E80FEF1F15265400E0EF65 /* _0_UIDynamicUITests.m */; };
/* End PBXBuildFile section */

/* Begin PBXContainerItemProxy section */
		B8E80FE11F15265400E0EF65 /* PBXContainerItemProxy */ = {
			isa = PBXContainerItemProxy;
			containerPortal = B8E80FBF1F15265300E0EF65 /* Project object */;
			proxyType = 1;
			remoteGlobalIDString = B8E80FC61F15265300E0EF65;
			remoteInfo = "70-UIDynamic";
		};
		B8E80FEC1F15265400E0EF65 /* PBXContainerItemProxy */ = {
			isa = PBXContainerItemProxy;
			containerPortal = B8E80FBF1F15265300E0EF65 /* Project object */;
			proxyType = 1;
			remoteGlobalIDString = B8E80FC61F15265300E0EF65;
			remoteInfo = "70-UIDynamic";
		};
/* End PBXContainerItemProxy section */

/* Begin PBXFileReference section */
		B8E80FC71F15265300E0EF65 /* 70-UIDynamic.app */ = {isa = PBXFileReference; explicitFileType = wrapper.application; includeInIndex = 0; path = "70-UIDynamic.app"; sourceTree = BUILT_PRODUCTS_DIR; };
		B8E80FCB1F15265300E0EF65 /* main.m */ = {isa = PBXFileReference; lastKnownFileType = sourcecode.c.objc; path = main.m; sourceTree = "<group>"; };
		B8E80FCD1F15265300E0EF65 /* AppDelegate.h */ = {isa = PBXFileReference; lastKnownFileType = sourcecode.c.h; path = AppDelegate.h; sourceTree = "<group>"; };
		B8E80FCE1F15265300E0EF65 /* AppDelegate.m */ = {isa = PBXFileReference; lastKnownFileType = sourcecode.c.objc; path = AppDelegate.m; sourceTree = "<group>"; };
		B8E80FD01F15265300E0EF65 /* ViewController.h */ = {isa = PBXFileReference; lastKnownFileType = sourcecode.c.h; path = ViewController.h; sourceTree = "<group>"; };
		B8E80FD11F15265300E0EF65 /* ViewController.m */ = {isa = PBXFileReference; lastKnownFileType = sourcecode.c.objc; path = ViewController.m; sourceTree = "<group>"; };
		B8E80FD41F15265300E0EF65 /* Base */ = {isa = PBXFileReference; lastKnownFileType = file.storyboard; name = Base; path = Base.lproj/Main.storyboard; sourceTree = "<group>"; };
		B8E80FD61F15265400E0EF65 /* Assets.xcassets */ = {isa = PBXFileReference; lastKnownFileType = folder.assetcatalog; path = Assets.xcassets; sourceTree = "<group>"; };
		B8E80FD91F15265400E0EF65 /* Base */ = {isa = PBXFileReference; lastKnownFileType = file.storyboard; name = Base; path = Base.lproj/LaunchScreen.storyboard; sourceTree = "<group>"; };
		B8E80FDB1F15265400E0EF65 /* Info.plist */ = {isa = PBXFileReference; lastKnownFileType = text.plist.xml; path = Info.plist; sourceTree = "<group>"; };
		B8E80FE01F15265400E0EF65 /* 70-UIDynamicTests.xctest */ = {isa = PBXFileReference; explicitFileType = wrapper.cfbundle; includeInIndex = 0; path = "70-UIDynamicTests.xctest"; sourceTree = BUILT_PRODUCTS_DIR; };
		B8E80FE41F15265400E0EF65 /* _0_UIDynamicTests.m */ = {isa = PBXFileReference; lastKnownFileType = sourcecode.c.objc; path = _0_UIDynamicTests.m; sourceTree = "<group>"; };
		B8E80FE61F15265400E0EF65 /* Info.plist */ = {isa = PBXFileReference; lastKnownFileType = text.plist.xml; path = Info.plist; sourceTree = "<group>"; };
		B8E80FEB1F15265400E0EF65 /* 70-UIDynamicUITests.xctest */ = {isa = PBXFileReference; explicitFileType = wrapper.cfbundle; includeInIndex = 0; path = "70-UIDynamicUITests.xctest"; sourceTree = BUILT_PRODUCTS_DIR; };
		B8E80FEF1F15265400E0EF65 /* _0_UIDynamicUITests.m */ = {isa = PBXFileReference; lastKnownFileType = sourcecode.c.objc; path = _0_UIDynamicUITests.m; sourceTree = "<group>"; };
		B8E80FF11F15265400E0EF65 /* Info.plist */ = {isa = PBXFileReference; lastKnownFileType = text.plist.xml; path = Info.plist; sourceTree = "<group>"; };
/* End PBXFileReference section */

/* Begin PBXFrameworksBuildPhase section */
		B8E80FC41F15265300E0EF65 /* Frameworks */ = {
			isa = PBXFrameworksBuildPhase;
			buildActionMask = 2147483647;
			files = (
			);
			runOnlyForDeploymentPostprocessing = 0;
		};
		B8E80FDD1F15265400E0EF65 /* Frameworks */ = {
			isa = PBXFrameworksBuildPhase;
			buildActionMask = 2147483647;
			files = (
			);
			runOnlyForDeploymentPostprocessing = 0;
		};
		B8E80FE81F15265400E0EF65 /* Frameworks */ = {
			isa = PBXFrameworksBuildPhase;
			buildActionMask = 2147483647;
			files = (
			);
			runOnlyForDeploymentPostprocessing = 0;
		};
/* End PBXFrameworksBuildPhase section */

/* Begin PBXGroup section */
		B8E80FBE1F15265300E0EF65 = {
			isa = PBXGroup;
			children = (
				B8E80FC91F15265300E0EF65 /* 70-UIDynamic */,
				B8E80FE31F15265400E0EF65 /* 70-UIDynamicTests */,
				B8E80FEE1F15265400E0EF65 /* 70-UIDynamicUITests */,
				B8E80FC81F15265300E0EF65 /* Products */,
			);
			sourceTree = "<group>";
		};
		B8E80FC81F15265300E0EF65 /* Products */ = {
			isa = PBXGroup;
			children = (
				B8E80FC71F15265300E0EF65 /* 70-UIDynamic.app */,
				B8E80FE01F15265400E0EF65 /* 70-UIDynamicTests.xctest */,
				B8E80FEB1F15265400E0EF65 /* 70-UIDynamicUITests.xctest */,
			);
			name = Products;
			sourceTree = "<group>";
		};
		B8E80FC91F15265300E0EF65 /* 70-UIDynamic */ = {
			isa = PBXGroup;
			children = (
				B8E80FCD1F15265300E0EF65 /* AppDelegate.h */,
				B8E80FCE1F15265300E0EF65 /* AppDelegate.m */,
				B8E80FD01F15265300E0EF65 /* ViewController.h */,
				B8E80FD11F15265300E0EF65 /* ViewController.m */,
				B8E80FD31F15265300E0EF65 /* Main.storyboard */,
				B8E80FD61F15265400E0EF65 /* Assets.xcassets */,
				B8E80FD81F15265400E0EF65 /* LaunchScreen.storyboard */,
				B8E80FDB1F15265400E0EF65 /* Info.plist */,
				B8E80FCA1F15265300E0EF65 /* Supporting Files */,
			);
			path = "70-UIDynamic";
			sourceTree = "<group>";
		};
		B8E80FCA1F15265300E0EF65 /* Supporting Files */ = {
			isa = PBXGroup;
			children = (
				B8E80FCB1F15265300E0EF65 /* main.m */,
			);
			name = "Supporting Files";
			sourceTree = "<group>";
		};
		B8E80FE31F15265400E0EF65 /* 70-UIDynamicTests */ = {
			isa = PBXGroup;
			children = (
				B8E80FE41F15265400E0EF65 /* _0_UIDynamicTests.m */,
				B8E80FE61F15265400E0EF65 /* Info.plist */,
			);
			path = "70-UIDynamicTests";
			sourceTree = "<group>";
		};
		B8E80FEE1F15265400E0EF65 /* 70-UIDynamicUITests */ = {
			isa = PBXGroup;
			children = (
				B8E80FEF1F15265400E0EF65 /* _0_UIDynamicUITests.m */,
				B8E80FF11F15265400E0EF65 /* Info.plist */,
			);
			path = "70-UIDynamicUITests";
			sourceTree = "<group>";
		};
/* End PBXGroup section */

/* Begin PBXNativeTarget section */
		B8E80FC61F15265300E0EF65 /* 70-UIDynamic */ = {
			isa = PBXNativeTarget;
			buildConfigurationList = B8E80FF41F15265400E0EF65 /* Build configuration list for PBXNativeTarget "70-UIDynamic" */;
			buildPhases = (
				B8E80FC31F15265300E0EF65 /* Sources */,
				B8E80FC41F15265300E0EF65 /* Frameworks */,
				B8E80FC51F15265300E0EF65 /* Resources */,
			);
			buildRules = (
			);
			dependencies = (
			);
			name = "70-UIDynamic";
			productName = "70-UIDynamic";
			productReference = B8E80FC71F15265300E0EF65 /* 70-UIDynamic.app */;
			productType = "com.apple.product-type.application";
		};
		B8E80FDF1F15265400E0EF65 /* 70-UIDynamicTests */ = {
			isa = PBXNativeTarget;
			buildConfigurationList = B8E80FF71F15265400E0EF65 /* Build configuration list for PBXNativeTarget "70-UIDynamicTests" */;
			buildPhases = (
				B8E80FDC1F15265400E0EF65 /* Sources */,
				B8E80FDD1F15265400E0EF65 /* Frameworks */,
				B8E80FDE1F15265400E0EF65 /* Resources */,
			);
			buildRules = (
			);
			dependencies = (
				B8E80FE21F15265400E0EF65 /* PBXTargetDependency */,
			);
			name = "70-UIDynamicTests";
			productName = "70-UIDynamicTests";
			productReference = B8E80FE01F15265400E0EF65 /* 70-UIDynamicTests.xctest */;
			productType = "com.apple.product-type.bundle.unit-test";
		};
		B8E80FEA1F15265400E0EF65 /* 70-UIDynamicUITests */ = {
			isa = PBXNativeTarget;
			buildConfigurationList = B8E80FFA1F15265400E0EF65 /* Build configuration list for PBXNativeTarget "70-UIDynamicUITests" */;
			buildPhases = (
				B8E80FE71F15265400E0EF65 /* Sources */,
				B8E80FE81F15265400E0EF65 /* Frameworks */,
				B8E80FE91F15265400E0EF65 /* Resources */,
			);
			buildRules = (
			);
			dependencies = (
				B8E80FED1F15265400E0EF65 /* PBXTargetDependency */,
			);
			name = "70-UIDynamicUITests";
			productName = "70-UIDynamicUITests";
			productReference = B8E80FEB1F15265400E0EF65 /* 70-UIDynamicUITests.xctest */;
			productType = "com.apple.product-type.bundle.ui-testing";
		};
/* End PBXNativeTarget section */

/* Begin PBXProject section */
		B8E80FBF1F15265300E0EF65 /* Project object */ = {
			isa = PBXProject;
			attributes = {
				LastUpgradeCheck = 0830;
				ORGANIZATIONNAME = YouHuaPei;
				TargetAttributes = {
					B8E80FC61F15265300E0EF65 = {
						CreatedOnToolsVersion = 8.3.3;
						ProvisioningStyle = Automatic;
					};
					B8E80FDF1F15265400E0EF65 = {
						CreatedOnToolsVersion = 8.3.3;
						ProvisioningStyle = Automatic;
						TestTargetID = B8E80FC61F15265300E0EF65;
					};
					B8E80FEA1F15265400E0EF65 = {
						CreatedOnToolsVersion = 8.3.3;
						ProvisioningStyle = Automatic;
						TestTargetID = B8E80FC61F15265300E0EF65;
					};
				};
			};
			buildConfigurationList = B8E80FC21F15265300E0EF65 /* Build configuration list for PBXProject "70-UIDynamic" */;
			compatibilityVersion = "Xcode 3.2";
			developmentRegion = English;
			hasScannedForEncodings = 0;
			knownRegions = (
				en,
				Base,
			);
			mainGroup = B8E80FBE1F15265300E0EF65;
			productRefGroup = B8E80FC81F15265300E0EF65 /* Products */;
			projectDirPath = "";
			projectRoot = "";
			targets = (
				B8E80FC61F15265300E0EF65 /* 70-UIDynamic */,
				B8E80FDF1F15265400E0EF65 /* 70-UIDynamicTests */,
				B8E80FEA1F15265400E0EF65 /* 70-UIDynamicUITests */,
			);
		};
/* End PBXProject section */

/* Begin PBXResourcesBuildPhase section */
		B8E80FC51F15265300E0EF65 /* Resources */ = {
			isa = PBXResourcesBuildPhase;
			buildActionMask = 2147483647;
			files = (
				B8E80FDA1F15265400E0EF65 /* LaunchScreen.storyboard in Resources */,
				B8E80FD71F15265400E0EF65 /* Assets.xcassets in Resources */,
				B8E80FD51F15265300E0EF65 /* Main.storyboard in Resources */,
			);
			runOnlyForDeploymentPostprocessing = 0;
		};
		B8E80FDE1F15265400E0EF65 /* Resources */ = {
			isa = PBXResourcesBuildPhase;
			buildActionMask = 2147483647;
			files = (
			);
			runOnlyForDeploymentPostprocessing = 0;
		};
		B8E80FE91F15265400E0EF65 /* Resources */ = {
			isa = PBXResourcesBuildPhase;
			buildActionMask = 2147483647;
			files = (
			);
			runOnlyForDeploymentPostprocessing = 0;
		};
/* End PBXResourcesBuildPhase section */

/* Begin PBXSourcesBuildPhase section */
		B8E80FC31F15265300E0EF65 /* Sources */ = {
			isa = PBXSourcesBuildPhase;
			buildActionMask = 2147483647;
			files = (
				B8E80FD21F15265300E0EF65 /* ViewController.m in Sources */,
				B8E80FCF1F15265300E0EF65 /* AppDelegate.m in Sources */,
				B8E80FCC1F15265300E0EF65 /* main.m in Sources */,
			);
			runOnlyForDeploymentPostprocessing = 0;
		};
		B8E80FDC1F15265400E0EF65 /* Sources */ = {
			isa = PBXSourcesBuildPhase;
			buildActionMask = 2147483647;
			files = (
				B8E80FE51F15265400E0EF65 /* _0_UIDynamicTests.m in Sources */,
			);
			runOnlyForDeploymentPostprocessing = 0;
		};
		B8E80FE71F15265400E0EF65 /* Sources */ = {
			isa = PBXSourcesBuildPhase;
			buildActionMask = 2147483647;
			files = (
				B8E80FF01F15265400E0EF65 /* _0_UIDynamicUITests.m in Sources */,
			);
			runOnlyForDeploymentPostprocessing = 0;
		};
/* End PBXSourcesBuildPhase section */

/* Begin PBXTargetDependency section */
		B8E80FE21F15265400E0EF65 /* PBXTargetDependency */ = {
			isa = PBXTargetDependency;
			target = B8E80FC61F15265300E0EF65 /* 70-UIDynamic */;
			targetProxy = B8E80FE11F15265400E0EF65 /* PBXContainerItemProxy */;
		};
		B8E80FED1F15265400E0EF65 /* PBXTargetDependency */ = {
			isa = PBXTargetDependency;
			target = B8E80FC61F15265300E0EF65 /* 70-UIDynamic */;
			targetProxy = B8E80FEC1F15265400E0EF65 /* PBXContainerItemProxy */;
		};
/* End PBXTargetDependency section */

/* Begin PBXVariantGroup section */
		B8E80FD31F15265300E0EF65 /* Main.storyboard */ = {
			isa = PBXVariantGroup;
			children = (
				B8E80FD41F15265300E0EF65 /* Base */,
			);
			name = Main.storyboard;
			sourceTree = "<group>";
		};
		B8E80FD81F15265400E0EF65 /* LaunchScreen.storyboard */ = {
			isa = PBXVariantGroup;
			children = (
				B8E80FD91F15265400E0EF65 /* Base */,
			);
			name = LaunchScreen.storyboard;
			sourceTree = "<group>";
		};
/* End PBXVariantGroup section */

/* Begin XCBuildConfiguration section */
		B8E80FF21F15265400E0EF65 /* Debug */ = {
			isa = XCBuildConfiguration;
			buildSettings = {
				ALWAYS_SEARCH_USER_PATHS = NO;
				CLANG_ANALYZER_NONNULL = YES;
				CLANG_ANALYZER_NUMBER_OBJECT_CONVERSION = YES_AGGRESSIVE;
				CLANG_CXX_LANGUAGE_STANDARD = "gnu++0x";
				CLANG_CXX_LIBRARY = "libc++";
				CLANG_ENABLE_MODULES = YES;
				CLANG_ENABLE_OBJC_ARC = YES;
				CLANG_WARN_BOOL_CONVERSION = YES;
				CLANG_WARN_CONSTANT_CONVERSION = YES;
				CLANG_WARN_DIRECT_OBJC_ISA_USAGE = YES_ERROR;
				CLANG_WARN_DOCUMENTATION_COMMENTS = YES;
				CLANG_WARN_EMPTY_BODY = YES;
				CLANG_WARN_ENUM_CONVERSION = YES;
				CLANG_WARN_INFINITE_RECURSION = YES;
				CLANG_WARN_INT_CONVERSION = YES;
				CLANG_WARN_OBJC_ROOT_CLASS = YES_ERROR;
				CLANG_WARN_SUSPICIOUS_MOVE = YES;
				CLANG_WARN_UNREACHABLE_CODE = YES;
				CLANG_WARN__DUPLICATE_METHOD_MATCH = YES;
				"CODE_SIGN_IDENTITY[sdk=iphoneos*]" = "iPhone Developer";
				COPY_PHASE_STRIP = NO;
				DEBUG_INFORMATION_FORMAT = dwarf;
				ENABLE_STRICT_OBJC_MSGSEND = YES;
				ENABLE_TESTABILITY = YES;
				GCC_C_LANGUAGE_STANDARD = gnu99;
				GCC_DYNAMIC_NO_PIC = NO;
				GCC_NO_COMMON_BLOCKS = YES;
				GCC_OPTIMIZATION_LEVEL = 0;
				GCC_PREPROCESSOR_DEFINITIONS = (
					"DEBUG=1",
					"$(inherited)",
				);
				GCC_WARN_64_TO_32_BIT_CONVERSION = YES;
				GCC_WARN_ABOUT_RETURN_TYPE = YES_ERROR;
				GCC_WARN_UNDECLARED_SELECTOR = YES;
				GCC_WARN_UNINITIALIZED_AUTOS = YES_AGGRESSIVE;
				GCC_WARN_UNUSED_FUNCTION = YES;
				GCC_WARN_UNUSED_VARIABLE = YES;
				IPHONEOS_DEPLOYMENT_TARGET = 10.3;
				MTL_ENABLE_DEBUG_INFO = YES;
				ONLY_ACTIVE_ARCH = YES;
				SDKROOT = iphoneos;
				TARGETED_DEVICE_FAMILY = "1,2";
			};
			name = Debug;
		};
		B8E80FF31F15265400E0EF65 /* Release */ = {
			isa = XCBuildConfiguration;
			buildSettings = {
				ALWAYS_SEARCH_USER_PATHS = NO;
				CLANG_ANALYZER_NONNULL = YES;
				CLANG_ANALYZER_NUMBER_OBJECT_CONVERSION = YES_AGGRESSIVE;
				CLANG_CXX_LANGUAGE_STANDARD = "gnu++0x";
				CLANG_CXX_LIBRARY = "libc++";
				CLANG_ENABLE_MODULES = YES;
				CLANG_ENABLE_OBJC_ARC = YES;
				CLANG_WARN_BOOL_CONVERSION = YES;
				CLANG_WARN_CONSTANT_CONVERSION = YES;
				CLANG_WARN_DIRECT_OBJC_ISA_USAGE = YES_ERROR;
				CLANG_WARN_DOCUMENTATION_COMMENTS = YES;
				CLANG_WARN_EMPTY_BODY = YES;
				CLANG_WARN_ENUM_CONVERSION = YES;
				CLANG_WARN_INFINITE_RECURSION = YES;
				CLANG_WARN_INT_CONVERSION = YES;
				CLANG_WARN_OBJC_ROOT_CLASS = YES_ERROR;
				CLANG_WARN_SUSPICIOUS_MOVE = YES;
				CLANG_WARN_UNREACHABLE_CODE = YES;
				CLANG_WARN__DUPLICATE_METHOD_MATCH = YES;
				"CODE_SIGN_IDENTITY[sdk=iphoneos*]" = "iPhone Developer";
				COPY_PHASE_STRIP = NO;
				DEBUG_INFORMATION_FORMAT = "dwarf-with-dsym";
				ENABLE_NS_ASSERTIONS = NO;
				ENABLE_STRICT_OBJC_MSGSEND = YES;
				GCC_C_LANGUAGE_STANDARD = gnu99;
				GCC_NO_COMMON_BLOCKS = YES;
				GCC_WARN_64_TO_32_BIT_CONVERSION = YES;
				GCC_WARN_ABOUT_RETURN_TYPE = YES_ERROR;
				GCC_WARN_UNDECLARED_SELECTOR = YES;
				GCC_WARN_UNINITIALIZED_AUTOS = YES_AGGRESSIVE;
				GCC_WARN_UNUSED_FUNCTION = YES;
				GCC_WARN_UNUSED_VARIABLE = YES;
				IPHONEOS_DEPLOYMENT_TARGET = 10.3;
				MTL_ENABLE_DEBUG_INFO = NO;
				SDKROOT = iphoneos;
				TARGETED_DEVICE_FAMILY = "1,2";
				VALIDATE_PRODUCT = YES;
			};
			name = Release;
		};
		B8E80FF51F15265400E0EF65 /* Debug */ = {
			isa = XCBuildConfiguration;
			buildSettings = {
				ASSETCATALOG_COMPILER_APPICON_NAME = AppIcon;
				INFOPLIST_FILE = "70-UIDynamic/Info.plist";
				LD_RUNPATH_SEARCH_PATHS = "$(inherited) @executable_path/Frameworks";
				PRODUCT_BUNDLE_IDENTIFIER = "mark.-0-UIDynamic";
				PRODUCT_NAME = "$(TARGET_NAME)";
			};
			name = Debug;
		};
		B8E80FF61F15265400E0EF65 /* Release */ = {
			isa = XCBuildConfiguration;
			buildSettings = {
				ASSETCATALOG_COMPILER_APPICON_NAME = AppIcon;
				INFOPLIST_FILE = "70-UIDynamic/Info.plist";
				LD_RUNPATH_SEARCH_PATHS = "$(inherited) @executable_path/Frameworks";
				PRODUCT_BUNDLE_IDENTIFIER = "mark.-0-UIDynamic";
				PRODUCT_NAME = "$(TARGET_NAME)";
			};
			name = Release;
		};
		B8E80FF81F15265400E0EF65 /* Debug */ = {
			isa = XCBuildConfiguration;
			buildSettings = {
				BUNDLE_LOADER = "$(TEST_HOST)";
				INFOPLIST_FILE = "70-UIDynamicTests/Info.plist";
				LD_RUNPATH_SEARCH_PATHS = "$(inherited) @executable_path/Frameworks @loader_path/Frameworks";
				PRODUCT_BUNDLE_IDENTIFIER = "mark.-0-UIDynamicTests";
				PRODUCT_NAME = "$(TARGET_NAME)";
				TEST_HOST = "$(BUILT_PRODUCTS_DIR)/70-UIDynamic.app/70-UIDynamic";
			};
			name = Debug;
		};
		B8E80FF91F15265400E0EF65 /* Release */ = {
			isa = XCBuildConfiguration;
			buildSettings = {
				BUNDLE_LOADER = "$(TEST_HOST)";
				INFOPLIST_FILE = "70-UIDynamicTests/Info.plist";
				LD_RUNPATH_SEARCH_PATHS = "$(inherited) @executable_path/Frameworks @loader_path/Frameworks";
				PRODUCT_BUNDLE_IDENTIFIER = "mark.-0-UIDynamicTests";
				PRODUCT_NAME = "$(TARGET_NAME)";
				TEST_HOST = "$(BUILT_PRODUCTS_DIR)/70-UIDynamic.app/70-UIDynamic";
			};
			name = Release;
		};
		B8E80FFB1F15265400E0EF65 /* Debug */ = {
			isa = XCBuildConfiguration;
			buildSettings = {
				INFOPLIST_FILE = "70-UIDynamicUITests/Info.plist";
				LD_RUNPATH_SEARCH_PATHS = "$(inherited) @executable_path/Frameworks @loader_path/Frameworks";
				PRODUCT_BUNDLE_IDENTIFIER = "mark.-0-UIDynamicUITests";
				PRODUCT_NAME = "$(TARGET_NAME)";
				TEST_TARGET_NAME = "70-UIDynamic";
			};
			name = Debug;
		};
		B8E80FFC1F15265400E0EF65 /* Release */ = {
			isa = XCBuildConfiguration;
			buildSettings = {
				INFOPLIST_FILE = "70-UIDynamicUITests/Info.plist";
				LD_RUNPATH_SEARCH_PATHS = "$(inherited) @executable_path/Frameworks @loader_path/Frameworks";
				PRODUCT_BUNDLE_IDENTIFIER = "mark.-0-UIDynamicUITests";
				PRODUCT_NAME = "$(TARGET_NAME)";
				TEST_TARGET_NAME = "70-UIDynamic";
			};
			name = Release;
		};
/* End XCBuildConfiguration section */

/* Begin XCConfigurationList section */
		B8E80FC21F15265300E0EF65 /* Build configuration list for PBXProject "70-UIDynamic" */ = {
			isa = XCConfigurationList;
			buildConfigurations = (
				B8E80FF21F15265400E0EF65 /* Debug */,
				B8E80FF31F15265400E0EF65 /* Release */,
			);
			defaultConfigurationIsVisible = 0;
			defaultConfigurationName = Release;
		};
		B8E80FF41F15265400E0EF65 /* Build configuration list for PBXNativeTarget "70-UIDynamic" */ = {
			isa = XCConfigurationList;
			buildConfigurations = (
				B8E80FF51F15265400E0EF65 /* Debug */,
				B8E80FF61F15265400E0EF65 /* Release */,
			);
			defaultConfigurationIsVisible = 0;
		};
		B8E80FF71F15265400E0EF65 /* Build configuration list for PBXNativeTarget "70-UIDynamicTests" */ = {
			isa = XCConfigurationList;
			buildConfigurations = (
				B8E80FF81F15265400E0EF65 /* Debug */,
				B8E80FF91F15265400E0EF65 /* Release */,
			);
			defaultConfigurationIsVisible = 0;
		};
		B8E80FFA1F15265400E0EF65 /* Build configuration list for PBXNativeTarget "70-UIDynamicUITests" */ = {
			isa = XCConfigurationList;
			buildConfigurations = (
				B8E80FFB1F15265400E0EF65 /* Debug */,
				B8E80FFC1F15265400E0EF65 /* Release */,
			);
			defaultConfigurationIsVisible = 0;
		};
/* End XCConfigurationList section */
	};
	rootObject = B8E80FBF1F15265300E0EF65 /* Project object */;
}
